// !$*UTF8*$!
{
	archiveVersion = 1;
	classes = {
	};
	objectVersion = 56;
	objects = {

/* Begin PBXBuildFile section */
		596FB9332C744C1200E4733C /* AudioFFTAnalyzer.swift in Sources */ = {isa = PBXBuildFile; fileRef = 596FB9322C744C1200E4733C /* AudioFFTAnalyzer.swift */; };
		596FB9342C744C1200E4733C /* AudioFFTAnalyzer.swift in Sources */ = {isa = PBXBuildFile; fileRef = 596FB9322C744C1200E4733C /* AudioFFTAnalyzer.swift */; };
		596FB9362C74532F00E4733C /* AudioFFT.swift in Sources */ = {isa = PBXBuildFile; fileRef = 596FB9352C74532F00E4733C /* AudioFFT.swift */; };
		596FB9372C74532F00E4733C /* AudioFFT.swift in Sources */ = {isa = PBXBuildFile; fileRef = 596FB9352C74532F00E4733C /* AudioFFT.swift */; };
		59B86FDB2C65644A001D0DC1 /* AppDelegate.swift in Sources */ = {isa = PBXBuildFile; fileRef = 59B86FDA2C65644A001D0DC1 /* AppDelegate.swift */; };
		59B86FDD2C65644A001D0DC1 /* GameViewController.swift in Sources */ = {isa = PBXBuildFile; fileRef = 59B86FDC2C65644A001D0DC1 /* GameViewController.swift */; };
		59B86FE02C65644A001D0DC1 /* Main.storyboard in Resources */ = {isa = PBXBuildFile; fileRef = 59B86FDE2C65644A001D0DC1 /* Main.storyboard */; };
		59B86FE32C65644A001D0DC1 /* LaunchScreen.storyboard in Resources */ = {isa = PBXBuildFile; fileRef = 59B86FE12C65644A001D0DC1 /* LaunchScreen.storyboard */; };
		59B86FEB2C65644A001D0DC1 /* AppDelegate.swift in Sources */ = {isa = PBXBuildFile; fileRef = 59B86FEA2C65644A001D0DC1 /* AppDelegate.swift */; };
		59B86FED2C65644A001D0DC1 /* GameViewController.swift in Sources */ = {isa = PBXBuildFile; fileRef = 59B86FEC2C65644A001D0DC1 /* GameViewController.swift */; };
		59B86FF02C65644A001D0DC1 /* Main.storyboard in Resources */ = {isa = PBXBuildFile; fileRef = 59B86FEE2C65644A001D0DC1 /* Main.storyboard */; };
		59B86FF22C65644A001D0DC1 /* Actions.sks in Resources */ = {isa = PBXBuildFile; fileRef = 59B86FCF2C656448001D0DC1 /* Actions.sks */; };
		59B86FF32C65644A001D0DC1 /* Actions.sks in Resources */ = {isa = PBXBuildFile; fileRef = 59B86FCF2C656448001D0DC1 /* Actions.sks */; };
		59B86FF42C65644A001D0DC1 /* GameScene.sks in Resources */ = {isa = PBXBuildFile; fileRef = 59B86FD02C656448001D0DC1 /* GameScene.sks */; };
		59B86FF52C65644A001D0DC1 /* GameScene.sks in Resources */ = {isa = PBXBuildFile; fileRef = 59B86FD02C656448001D0DC1 /* GameScene.sks */; };
		59B86FF62C65644A001D0DC1 /* GameScene.swift in Sources */ = {isa = PBXBuildFile; fileRef = 59B86FD12C656448001D0DC1 /* GameScene.swift */; };
		59B86FF72C65644A001D0DC1 /* GameScene.swift in Sources */ = {isa = PBXBuildFile; fileRef = 59B86FD12C656448001D0DC1 /* GameScene.swift */; };
		59B86FF82C65644A001D0DC1 /* Assets.xcassets in Resources */ = {isa = PBXBuildFile; fileRef = 59B86FD22C65644A001D0DC1 /* Assets.xcassets */; };
		59B86FF92C65644A001D0DC1 /* Assets.xcassets in Resources */ = {isa = PBXBuildFile; fileRef = 59B86FD22C65644A001D0DC1 /* Assets.xcassets */; };
		59B870042C65648E001D0DC1 /* SpriteParser.swift in Sources */ = {isa = PBXBuildFile; fileRef = 59B870032C65648E001D0DC1 /* SpriteParser.swift */; };
		59B870052C65648E001D0DC1 /* SpriteParser.swift in Sources */ = {isa = PBXBuildFile; fileRef = 59B870032C65648E001D0DC1 /* SpriteParser.swift */; };
		59B870072C65649D001D0DC1 /* SpriteManager.swift in Sources */ = {isa = PBXBuildFile; fileRef = 59B870062C65649D001D0DC1 /* SpriteManager.swift */; };
		59B870082C65649D001D0DC1 /* SpriteManager.swift in Sources */ = {isa = PBXBuildFile; fileRef = 59B870062C65649D001D0DC1 /* SpriteManager.swift */; };
		59B8700A2C6564A8001D0DC1 /* Sprite.swift in Sources */ = {isa = PBXBuildFile; fileRef = 59B870092C6564A8001D0DC1 /* Sprite.swift */; };
		59B8700B2C6564A8001D0DC1 /* Sprite.swift in Sources */ = {isa = PBXBuildFile; fileRef = 59B870092C6564A8001D0DC1 /* Sprite.swift */; };
		59B8700D2C6564B4001D0DC1 /* Origin.swift in Sources */ = {isa = PBXBuildFile; fileRef = 59B8700C2C6564B4001D0DC1 /* Origin.swift */; };
		59B8700E2C6564B4001D0DC1 /* Origin.swift in Sources */ = {isa = PBXBuildFile; fileRef = 59B8700C2C6564B4001D0DC1 /* Origin.swift */; };
		59B870102C6564BE001D0DC1 /* Easing.swift in Sources */ = {isa = PBXBuildFile; fileRef = 59B8700F2C6564BE001D0DC1 /* Easing.swift */; };
		59B870112C6564BE001D0DC1 /* Easing.swift in Sources */ = {isa = PBXBuildFile; fileRef = 59B8700F2C6564BE001D0DC1 /* Easing.swift */; };
		59B870132C6564CB001D0DC1 /* TweenManager.swift in Sources */ = {isa = PBXBuildFile; fileRef = 59B870122C6564CB001D0DC1 /* TweenManager.swift */; };
		59B870142C6564CB001D0DC1 /* TweenManager.swift in Sources */ = {isa = PBXBuildFile; fileRef = 59B870122C6564CB001D0DC1 /* TweenManager.swift */; };
		59B870192C6564F6001D0DC1 /* Texture.swift in Sources */ = {isa = PBXBuildFile; fileRef = 59B870182C6564F6001D0DC1 /* Texture.swift */; };
		59B8701A2C6564F6001D0DC1 /* Texture.swift in Sources */ = {isa = PBXBuildFile; fileRef = 59B870182C6564F6001D0DC1 /* Texture.swift */; };
		59B8702F2C66A533001D0DC1 /* TextInput.swift in Sources */ = {isa = PBXBuildFile; fileRef = 59B8702E2C66A533001D0DC1 /* TextInput.swift */; };
		59B870302C66A533001D0DC1 /* TextInput.swift in Sources */ = {isa = PBXBuildFile; fileRef = 59B8702E2C66A533001D0DC1 /* TextInput.swift */; };
		59BEB0762D24B4CE0072974F /* Effect.swift in Sources */ = {isa = PBXBuildFile; fileRef = 59BEB0752D24B4CD0072974F /* Effect.swift */; };
		59BEB0772D24B4CE0072974F /* Effect.swift in Sources */ = {isa = PBXBuildFile; fileRef = 59BEB0752D24B4CD0072974F /* Effect.swift */; };
		59BEB0792D24B4E10072974F /* Rain.swift in Sources */ = {isa = PBXBuildFile; fileRef = 59BEB0782D24B4E00072974F /* Rain.swift */; };
		59BEB07A2D24B4E10072974F /* Rain.swift in Sources */ = {isa = PBXBuildFile; fileRef = 59BEB0782D24B4E00072974F /* Rain.swift */; };
		59BEB07F2D24B8900072974F /* EffectsTableNode.swift in Sources */ = {isa = PBXBuildFile; fileRef = 59BEB07E2D24B8880072974F /* EffectsTableNode.swift */; };
		59BEB0802D24B8900072974F /* EffectsTableNode.swift in Sources */ = {isa = PBXBuildFile; fileRef = 59BEB07E2D24B8880072974F /* EffectsTableNode.swift */; };
		59BEB0822D24C5960072974F /* InputFieldNone.swift in Sources */ = {isa = PBXBuildFile; fileRef = 59BEB0812D24C58E0072974F /* InputFieldNone.swift */; };
		59BEB0832D24C5960072974F /* InputFieldNone.swift in Sources */ = {isa = PBXBuildFile; fileRef = 59BEB0812D24C58E0072974F /* InputFieldNone.swift */; };
		59C0750D2CD32A3D0092DFA9 /* Container.swift in Sources */ = {isa = PBXBuildFile; fileRef = 59C0750C2CD32A360092DFA9 /* Container.swift */; };
		59C0750E2CD32A3D0092DFA9 /* Container.swift in Sources */ = {isa = PBXBuildFile; fileRef = 59C0750C2CD32A360092DFA9 /* Container.swift */; };
		59C71A982CD56C3900FDE954 /* Helpers.swift in Sources */ = {isa = PBXBuildFile; fileRef = 59C71A972CD56C3000FDE954 /* Helpers.swift */; };
		59C71A992CD56C3900FDE954 /* Helpers.swift in Sources */ = {isa = PBXBuildFile; fileRef = 59C71A972CD56C3000FDE954 /* Helpers.swift */; };
/* End PBXBuildFile section */

/* Begin PBXFileReference section */
		596FB9322C744C1200E4733C /* AudioFFTAnalyzer.swift */ = {isa = PBXFileReference; lastKnownFileType = sourcecode.swift; path = AudioFFTAnalyzer.swift; sourceTree = "<group>"; };
		596FB9352C74532F00E4733C /* AudioFFT.swift */ = {isa = PBXFileReference; lastKnownFileType = sourcecode.swift; path = AudioFFT.swift; sourceTree = "<group>"; };
		59B86FCF2C656448001D0DC1 /* Actions.sks */ = {isa = PBXFileReference; lastKnownFileType = file.sks; path = Actions.sks; sourceTree = "<group>"; };
		59B86FD02C656448001D0DC1 /* GameScene.sks */ = {isa = PBXFileReference; lastKnownFileType = file.sks; path = GameScene.sks; sourceTree = "<group>"; };
		59B86FD12C656448001D0DC1 /* GameScene.swift */ = {isa = PBXFileReference; lastKnownFileType = sourcecode.swift; path = GameScene.swift; sourceTree = "<group>"; };
		59B86FD22C65644A001D0DC1 /* Assets.xcassets */ = {isa = PBXFileReference; lastKnownFileType = folder.assetcatalog; path = Assets.xcassets; sourceTree = "<group>"; };
		59B86FD72C65644A001D0DC1 /* anim-editor.app */ = {isa = PBXFileReference; explicitFileType = wrapper.application; includeInIndex = 0; path = "anim-editor.app"; sourceTree = BUILT_PRODUCTS_DIR; };
		59B86FDA2C65644A001D0DC1 /* AppDelegate.swift */ = {isa = PBXFileReference; lastKnownFileType = sourcecode.swift; path = AppDelegate.swift; sourceTree = "<group>"; };
		59B86FDC2C65644A001D0DC1 /* GameViewController.swift */ = {isa = PBXFileReference; lastKnownFileType = sourcecode.swift; path = GameViewController.swift; sourceTree = "<group>"; };
		59B86FDF2C65644A001D0DC1 /* Base */ = {isa = PBXFileReference; lastKnownFileType = file.storyboard; name = Base; path = Base.lproj/Main.storyboard; sourceTree = "<group>"; };
		59B86FE22C65644A001D0DC1 /* Base */ = {isa = PBXFileReference; lastKnownFileType = file.storyboard; name = Base; path = Base.lproj/LaunchScreen.storyboard; sourceTree = "<group>"; };
		59B86FE82C65644A001D0DC1 /* anim-editor.app */ = {isa = PBXFileReference; explicitFileType = wrapper.application; includeInIndex = 0; path = "anim-editor.app"; sourceTree = BUILT_PRODUCTS_DIR; };
		59B86FEA2C65644A001D0DC1 /* AppDelegate.swift */ = {isa = PBXFileReference; lastKnownFileType = sourcecode.swift; path = AppDelegate.swift; sourceTree = "<group>"; };
		59B86FEC2C65644A001D0DC1 /* GameViewController.swift */ = {isa = PBXFileReference; lastKnownFileType = sourcecode.swift; path = GameViewController.swift; sourceTree = "<group>"; };
		59B86FEF2C65644A001D0DC1 /* Base */ = {isa = PBXFileReference; lastKnownFileType = file.storyboard; name = Base; path = Base.lproj/Main.storyboard; sourceTree = "<group>"; };
		59B86FF12C65644A001D0DC1 /* anim_editor_macOS.entitlements */ = {isa = PBXFileReference; lastKnownFileType = text.plist.entitlements; path = anim_editor_macOS.entitlements; sourceTree = "<group>"; };
		59B870032C65648E001D0DC1 /* SpriteParser.swift */ = {isa = PBXFileReference; lastKnownFileType = sourcecode.swift; path = SpriteParser.swift; sourceTree = "<group>"; };
		59B870062C65649D001D0DC1 /* SpriteManager.swift */ = {isa = PBXFileReference; lastKnownFileType = sourcecode.swift; path = SpriteManager.swift; sourceTree = "<group>"; };
		59B870092C6564A8001D0DC1 /* Sprite.swift */ = {isa = PBXFileReference; lastKnownFileType = sourcecode.swift; path = Sprite.swift; sourceTree = "<group>"; };
		59B8700C2C6564B4001D0DC1 /* Origin.swift */ = {isa = PBXFileReference; lastKnownFileType = sourcecode.swift; path = Origin.swift; sourceTree = "<group>"; };
		59B8700F2C6564BE001D0DC1 /* Easing.swift */ = {isa = PBXFileReference; lastKnownFileType = sourcecode.swift; path = Easing.swift; sourceTree = "<group>"; };
		59B870122C6564CB001D0DC1 /* TweenManager.swift */ = {isa = PBXFileReference; lastKnownFileType = sourcecode.swift; path = TweenManager.swift; sourceTree = "<group>"; };
		59B870182C6564F6001D0DC1 /* Texture.swift */ = {isa = PBXFileReference; lastKnownFileType = sourcecode.swift; path = Texture.swift; sourceTree = "<group>"; };
		59B8702B2C669CE0001D0DC1 /* anim-editor macOSDebug.entitlements */ = {isa = PBXFileReference; fileEncoding = 4; lastKnownFileType = text.plist.entitlements; path = "anim-editor macOSDebug.entitlements"; sourceTree = "<group>"; };
		59B8702E2C66A533001D0DC1 /* TextInput.swift */ = {isa = PBXFileReference; lastKnownFileType = sourcecode.swift; path = TextInput.swift; sourceTree = "<group>"; };
		59BEB0752D24B4CD0072974F /* Effect.swift */ = {isa = PBXFileReference; lastKnownFileType = sourcecode.swift; path = Effect.swift; sourceTree = "<group>"; };
		59BEB0782D24B4E00072974F /* Rain.swift */ = {isa = PBXFileReference; lastKnownFileType = sourcecode.swift; path = Rain.swift; sourceTree = "<group>"; };
		59BEB07E2D24B8880072974F /* EffectsTableNode.swift */ = {isa = PBXFileReference; lastKnownFileType = sourcecode.swift; path = EffectsTableNode.swift; sourceTree = "<group>"; };
		59BEB0812D24C58E0072974F /* InputFieldNone.swift */ = {isa = PBXFileReference; lastKnownFileType = sourcecode.swift; path = InputFieldNone.swift; sourceTree = "<group>"; };
		59C0750C2CD32A360092DFA9 /* Container.swift */ = {isa = PBXFileReference; lastKnownFileType = sourcecode.swift; path = Container.swift; sourceTree = "<group>"; };
		59C71A972CD56C3000FDE954 /* Helpers.swift */ = {isa = PBXFileReference; lastKnownFileType = sourcecode.swift; path = Helpers.swift; sourceTree = "<group>"; };
/* End PBXFileReference section */

/* Begin PBXFrameworksBuildPhase section */
		59B86FD42C65644A001D0DC1 /* Frameworks */ = {
			isa = PBXFrameworksBuildPhase;
			buildActionMask = 2147483647;
			files = (
			);
			runOnlyForDeploymentPostprocessing = 0;
		};
		59B86FE52C65644A001D0DC1 /* Frameworks */ = {
			isa = PBXFrameworksBuildPhase;
			buildActionMask = 2147483647;
			files = (
			);
			runOnlyForDeploymentPostprocessing = 0;
		};
/* End PBXFrameworksBuildPhase section */

/* Begin PBXGroup section */
		596FB9312C744BFF00E4733C /* Audio */ = {
			isa = PBXGroup;
			children = (
				596FB9322C744C1200E4733C /* AudioFFTAnalyzer.swift */,
				596FB9352C74532F00E4733C /* AudioFFT.swift */,
			);
			path = Audio;
			sourceTree = "<group>";
		};
		59B86FC92C656448001D0DC1 = {
			isa = PBXGroup;
			children = (
				59B86FCE2C656448001D0DC1 /* anim-editor Shared */,
				59B86FD92C65644A001D0DC1 /* anim-editor iOS */,
				59B86FE92C65644A001D0DC1 /* anim-editor macOS */,
				59B86FD82C65644A001D0DC1 /* Products */,
			);
			sourceTree = "<group>";
		};
		59B86FCE2C656448001D0DC1 /* anim-editor Shared */ = {
			isa = PBXGroup;
			children = (
				59BEB06E2D24B1380072974F /* EffectSystem */,
				596FB9312C744BFF00E4733C /* Audio */,
				59B8702C2C66A505001D0DC1 /* UI */,
				59B86FCF2C656448001D0DC1 /* Actions.sks */,
				59B86FD02C656448001D0DC1 /* GameScene.sks */,
				59B86FD12C656448001D0DC1 /* GameScene.swift */,
				59B86FD22C65644A001D0DC1 /* Assets.xcassets */,
				59B870032C65648E001D0DC1 /* SpriteParser.swift */,
				59B870062C65649D001D0DC1 /* SpriteManager.swift */,
				59B870092C6564A8001D0DC1 /* Sprite.swift */,
				59B8700C2C6564B4001D0DC1 /* Origin.swift */,
				59B8700F2C6564BE001D0DC1 /* Easing.swift */,
				59B870122C6564CB001D0DC1 /* TweenManager.swift */,
				59B870182C6564F6001D0DC1 /* Texture.swift */,
				59C71A972CD56C3000FDE954 /* Helpers.swift */,
			);
			path = "anim-editor Shared";
			sourceTree = "<group>";
		};
		59B86FD82C65644A001D0DC1 /* Products */ = {
			isa = PBXGroup;
			children = (
				59B86FD72C65644A001D0DC1 /* anim-editor.app */,
				59B86FE82C65644A001D0DC1 /* anim-editor.app */,
			);
			name = Products;
			sourceTree = "<group>";
		};
		59B86FD92C65644A001D0DC1 /* anim-editor iOS */ = {
			isa = PBXGroup;
			children = (
				59B86FDA2C65644A001D0DC1 /* AppDelegate.swift */,
				59B86FDC2C65644A001D0DC1 /* GameViewController.swift */,
				59B86FDE2C65644A001D0DC1 /* Main.storyboard */,
				59B86FE12C65644A001D0DC1 /* LaunchScreen.storyboard */,
			);
			path = "anim-editor iOS";
			sourceTree = "<group>";
		};
		59B86FE92C65644A001D0DC1 /* anim-editor macOS */ = {
			isa = PBXGroup;
			children = (
				59B8702B2C669CE0001D0DC1 /* anim-editor macOSDebug.entitlements */,
				59B86FEA2C65644A001D0DC1 /* AppDelegate.swift */,
				59B86FEC2C65644A001D0DC1 /* GameViewController.swift */,
				59B86FEE2C65644A001D0DC1 /* Main.storyboard */,
				59B86FF12C65644A001D0DC1 /* anim_editor_macOS.entitlements */,
			);
			path = "anim-editor macOS";
			sourceTree = "<group>";
		};
		59B8702C2C66A505001D0DC1 /* UI */ = {
			isa = PBXGroup;
			children = (
				59C0750C2CD32A360092DFA9 /* Container.swift */,
				59B8702D2C66A50B001D0DC1 /* Components */,
			);
			path = UI;
			sourceTree = "<group>";
		};
		59B8702D2C66A50B001D0DC1 /* Components */ = {
			isa = PBXGroup;
			children = (
				59B8702E2C66A533001D0DC1 /* TextInput.swift */,
			);
			path = Components;
			sourceTree = "<group>";
		};
		59BEB06E2D24B1380072974F /* EffectSystem */ = {
			isa = PBXGroup;
			children = (
				59BEB0812D24C58E0072974F /* InputFieldNone.swift */,
				59BEB07E2D24B8880072974F /* EffectsTableNode.swift */,
				59BEB0782D24B4E00072974F /* Rain.swift */,
				59BEB0752D24B4CD0072974F /* Effect.swift */,
			);
			path = EffectSystem;
			sourceTree = "<group>";
		};
/* End PBXGroup section */

/* Begin PBXNativeTarget section */
		59B86FD62C65644A001D0DC1 /* anim-editor iOS */ = {
			isa = PBXNativeTarget;
			buildConfigurationList = 59B86FFC2C65644A001D0DC1 /* Build configuration list for PBXNativeTarget "anim-editor iOS" */;
			buildPhases = (
				59B86FD32C65644A001D0DC1 /* Sources */,
				59B86FD42C65644A001D0DC1 /* Frameworks */,
				59B86FD52C65644A001D0DC1 /* Resources */,
			);
			buildRules = (
			);
			dependencies = (
			);
			name = "anim-editor iOS";
			productName = "anim-editor iOS";
			productReference = 59B86FD72C65644A001D0DC1 /* anim-editor.app */;
			productType = "com.apple.product-type.application";
		};
		59B86FE72C65644A001D0DC1 /* anim-editor macOS */ = {
			isa = PBXNativeTarget;
			buildConfigurationList = 59B86FFF2C65644A001D0DC1 /* Build configuration list for PBXNativeTarget "anim-editor macOS" */;
			buildPhases = (
				59B86FE42C65644A001D0DC1 /* Sources */,
				59B86FE52C65644A001D0DC1 /* Frameworks */,
				59B86FE62C65644A001D0DC1 /* Resources */,
			);
			buildRules = (
			);
			dependencies = (
			);
			name = "anim-editor macOS";
			productName = "anim-editor macOS";
			productReference = 59B86FE82C65644A001D0DC1 /* anim-editor.app */;
			productType = "com.apple.product-type.application";
		};
/* End PBXNativeTarget section */

/* Begin PBXProject section */
		59B86FCA2C656448001D0DC1 /* Project object */ = {
			isa = PBXProject;
			attributes = {
				BuildIndependentTargetsInParallel = 1;
				LastSwiftUpdateCheck = 1520;
				LastUpgradeCheck = 1520;
				TargetAttributes = {
					59B86FD62C65644A001D0DC1 = {
						CreatedOnToolsVersion = 15.2;
					};
					59B86FE72C65644A001D0DC1 = {
						CreatedOnToolsVersion = 15.2;
					};
				};
			};
			buildConfigurationList = 59B86FCD2C656448001D0DC1 /* Build configuration list for PBXProject "anim-editor" */;
			compatibilityVersion = "Xcode 14.0";
			developmentRegion = en;
			hasScannedForEncodings = 0;
			knownRegions = (
				en,
				Base,
			);
			mainGroup = 59B86FC92C656448001D0DC1;
			productRefGroup = 59B86FD82C65644A001D0DC1 /* Products */;
			projectDirPath = "";
			projectRoot = "";
			targets = (
				59B86FD62C65644A001D0DC1 /* anim-editor iOS */,
				59B86FE72C65644A001D0DC1 /* anim-editor macOS */,
			);
		};
/* End PBXProject section */

/* Begin PBXResourcesBuildPhase section */
		59B86FD52C65644A001D0DC1 /* Resources */ = {
			isa = PBXResourcesBuildPhase;
			buildActionMask = 2147483647;
			files = (
				59B86FF42C65644A001D0DC1 /* GameScene.sks in Resources */,
				59B86FE02C65644A001D0DC1 /* Main.storyboard in Resources */,
				59B86FF22C65644A001D0DC1 /* Actions.sks in Resources */,
				59B86FE32C65644A001D0DC1 /* LaunchScreen.storyboard in Resources */,
				59B86FF82C65644A001D0DC1 /* Assets.xcassets in Resources */,
			);
			runOnlyForDeploymentPostprocessing = 0;
		};
		59B86FE62C65644A001D0DC1 /* Resources */ = {
			isa = PBXResourcesBuildPhase;
			buildActionMask = 2147483647;
			files = (
				59B86FF02C65644A001D0DC1 /* Main.storyboard in Resources */,
				59B86FF52C65644A001D0DC1 /* GameScene.sks in Resources */,
				59B86FF92C65644A001D0DC1 /* Assets.xcassets in Resources */,
				59B86FF32C65644A001D0DC1 /* Actions.sks in Resources */,
			);
			runOnlyForDeploymentPostprocessing = 0;
		};
/* End PBXResourcesBuildPhase section */

/* Begin PBXSourcesBuildPhase section */
		59B86FD32C65644A001D0DC1 /* Sources */ = {
			isa = PBXSourcesBuildPhase;
			buildActionMask = 2147483647;
			files = (
				59BEB0822D24C5960072974F /* InputFieldNone.swift in Sources */,
				59B86FF62C65644A001D0DC1 /* GameScene.swift in Sources */,
				59B8702F2C66A533001D0DC1 /* TextInput.swift in Sources */,
				596FB9362C74532F00E4733C /* AudioFFT.swift in Sources */,
				59B870192C6564F6001D0DC1 /* Texture.swift in Sources */,
				59BEB0772D24B4CE0072974F /* Effect.swift in Sources */,
				59BEB0792D24B4E10072974F /* Rain.swift in Sources */,
				59B870072C65649D001D0DC1 /* SpriteManager.swift in Sources */,
				59BEB07F2D24B8900072974F /* EffectsTableNode.swift in Sources */,
				59B870042C65648E001D0DC1 /* SpriteParser.swift in Sources */,
				596FB9332C744C1200E4733C /* AudioFFTAnalyzer.swift in Sources */,
				59B86FDD2C65644A001D0DC1 /* GameViewController.swift in Sources */,
				59B8700A2C6564A8001D0DC1 /* Sprite.swift in Sources */,
				59B86FDB2C65644A001D0DC1 /* AppDelegate.swift in Sources */,
				59B870102C6564BE001D0DC1 /* Easing.swift in Sources */,
				59C0750D2CD32A3D0092DFA9 /* Container.swift in Sources */,
				59B8700D2C6564B4001D0DC1 /* Origin.swift in Sources */,
				59C71A992CD56C3900FDE954 /* Helpers.swift in Sources */,
				59B870132C6564CB001D0DC1 /* TweenManager.swift in Sources */,
			);
			runOnlyForDeploymentPostprocessing = 0;
		};
		59B86FE42C65644A001D0DC1 /* Sources */ = {
			isa = PBXSourcesBuildPhase;
			buildActionMask = 2147483647;
			files = (
				59BEB0832D24C5960072974F /* InputFieldNone.swift in Sources */,
				59B86FF72C65644A001D0DC1 /* GameScene.swift in Sources */,
				59B870302C66A533001D0DC1 /* TextInput.swift in Sources */,
				596FB9372C74532F00E4733C /* AudioFFT.swift in Sources */,
				59B8701A2C6564F6001D0DC1 /* Texture.swift in Sources */,
				59BEB0762D24B4CE0072974F /* Effect.swift in Sources */,
				59BEB07A2D24B4E10072974F /* Rain.swift in Sources */,
				59B870082C65649D001D0DC1 /* SpriteManager.swift in Sources */,
				59BEB0802D24B8900072974F /* EffectsTableNode.swift in Sources */,
				59B870052C65648E001D0DC1 /* SpriteParser.swift in Sources */,
				596FB9342C744C1200E4733C /* AudioFFTAnalyzer.swift in Sources */,
				59B86FED2C65644A001D0DC1 /* GameViewController.swift in Sources */,
				59B8700B2C6564A8001D0DC1 /* Sprite.swift in Sources */,
				59B86FEB2C65644A001D0DC1 /* AppDelegate.swift in Sources */,
				59B870112C6564BE001D0DC1 /* Easing.swift in Sources */,
				59C0750E2CD32A3D0092DFA9 /* Container.swift in Sources */,
				59B8700E2C6564B4001D0DC1 /* Origin.swift in Sources */,
				59C71A982CD56C3900FDE954 /* Helpers.swift in Sources */,
				59B870142C6564CB001D0DC1 /* TweenManager.swift in Sources */,
			);
			runOnlyForDeploymentPostprocessing = 0;
		};
/* End PBXSourcesBuildPhase section */

/* Begin PBXVariantGroup section */
		59B86FDE2C65644A001D0DC1 /* Main.storyboard */ = {
			isa = PBXVariantGroup;
			children = (
				59B86FDF2C65644A001D0DC1 /* Base */,
			);
			name = Main.storyboard;
			sourceTree = "<group>";
		};
		59B86FE12C65644A001D0DC1 /* LaunchScreen.storyboard */ = {
			isa = PBXVariantGroup;
			children = (
				59B86FE22C65644A001D0DC1 /* Base */,
			);
			name = LaunchScreen.storyboard;
			sourceTree = "<group>";
		};
		59B86FEE2C65644A001D0DC1 /* Main.storyboard */ = {
			isa = PBXVariantGroup;
			children = (
				59B86FEF2C65644A001D0DC1 /* Base */,
			);
			name = Main.storyboard;
			sourceTree = "<group>";
		};
/* End PBXVariantGroup section */

/* Begin XCBuildConfiguration section */
		59B86FFA2C65644A001D0DC1 /* Debug */ = {
			isa = XCBuildConfiguration;
			buildSettings = {
				ALWAYS_SEARCH_USER_PATHS = NO;
				ASSETCATALOG_COMPILER_GENERATE_SWIFT_ASSET_SYMBOL_EXTENSIONS = YES;
				CLANG_ANALYZER_NONNULL = YES;
				CLANG_ANALYZER_NUMBER_OBJECT_CONVERSION = YES_AGGRESSIVE;
				CLANG_CXX_LANGUAGE_STANDARD = "gnu++20";
				CLANG_ENABLE_MODULES = YES;
				CLANG_ENABLE_OBJC_ARC = YES;
				CLANG_ENABLE_OBJC_WEAK = YES;
				CLANG_WARN_BLOCK_CAPTURE_AUTORELEASING = YES;
				CLANG_WARN_BOOL_CONVERSION = YES;
				CLANG_WARN_COMMA = YES;
				CLANG_WARN_CONSTANT_CONVERSION = YES;
				CLANG_WARN_DEPRECATED_OBJC_IMPLEMENTATIONS = YES;
				CLANG_WARN_DIRECT_OBJC_ISA_USAGE = YES_ERROR;
				CLANG_WARN_DOCUMENTATION_COMMENTS = YES;
				CLANG_WARN_EMPTY_BODY = YES;
				CLANG_WARN_ENUM_CONVERSION = YES;
				CLANG_WARN_INFINITE_RECURSION = YES;
				CLANG_WARN_INT_CONVERSION = YES;
				CLANG_WARN_NON_LITERAL_NULL_CONVERSION = YES;
				CLANG_WARN_OBJC_IMPLICIT_RETAIN_SELF = YES;
				CLANG_WARN_OBJC_LITERAL_CONVERSION = YES;
				CLANG_WARN_OBJC_ROOT_CLASS = YES_ERROR;
				CLANG_WARN_QUOTED_INCLUDE_IN_FRAMEWORK_HEADER = YES;
				CLANG_WARN_RANGE_LOOP_ANALYSIS = YES;
				CLANG_WARN_STRICT_PROTOTYPES = YES;
				CLANG_WARN_SUSPICIOUS_MOVE = YES;
				CLANG_WARN_UNGUARDED_AVAILABILITY = YES_AGGRESSIVE;
				CLANG_WARN_UNREACHABLE_CODE = YES;
				CLANG_WARN__DUPLICATE_METHOD_MATCH = YES;
				COPY_PHASE_STRIP = NO;
				DEBUG_INFORMATION_FORMAT = dwarf;
				ENABLE_STRICT_OBJC_MSGSEND = YES;
				ENABLE_TESTABILITY = YES;
				ENABLE_USER_SCRIPT_SANDBOXING = YES;
				GCC_C_LANGUAGE_STANDARD = gnu17;
				GCC_DYNAMIC_NO_PIC = NO;
				GCC_NO_COMMON_BLOCKS = YES;
				GCC_OPTIMIZATION_LEVEL = 0;
				GCC_PREPROCESSOR_DEFINITIONS = (
					"DEBUG=1",
					"$(inherited)",
				);
				GCC_WARN_64_TO_32_BIT_CONVERSION = YES;
				GCC_WARN_ABOUT_RETURN_TYPE = YES_ERROR;
				GCC_WARN_UNDECLARED_SELECTOR = YES;
				GCC_WARN_UNINITIALIZED_AUTOS = YES_AGGRESSIVE;
				GCC_WARN_UNUSED_FUNCTION = YES;
				GCC_WARN_UNUSED_VARIABLE = YES;
				LOCALIZATION_PREFERS_STRING_CATALOGS = YES;
				MTL_ENABLE_DEBUG_INFO = INCLUDE_SOURCE;
				MTL_FAST_MATH = YES;
				ONLY_ACTIVE_ARCH = YES;
				SWIFT_ACTIVE_COMPILATION_CONDITIONS = "DEBUG $(inherited)";
				SWIFT_OPTIMIZATION_LEVEL = "-Onone";
			};
			name = Debug;
		};
		59B86FFB2C65644A001D0DC1 /* Release */ = {
			isa = XCBuildConfiguration;
			buildSettings = {
				ALWAYS_SEARCH_USER_PATHS = NO;
				ASSETCATALOG_COMPILER_GENERATE_SWIFT_ASSET_SYMBOL_EXTENSIONS = YES;
				CLANG_ANALYZER_NONNULL = YES;
				CLANG_ANALYZER_NUMBER_OBJECT_CONVERSION = YES_AGGRESSIVE;
				CLANG_CXX_LANGUAGE_STANDARD = "gnu++20";
				CLANG_ENABLE_MODULES = YES;
				CLANG_ENABLE_OBJC_ARC = YES;
				CLANG_ENABLE_OBJC_WEAK = YES;
				CLANG_WARN_BLOCK_CAPTURE_AUTORELEASING = YES;
				CLANG_WARN_BOOL_CONVERSION = YES;
				CLANG_WARN_COMMA = YES;
				CLANG_WARN_CONSTANT_CONVERSION = YES;
				CLANG_WARN_DEPRECATED_OBJC_IMPLEMENTATIONS = YES;
				CLANG_WARN_DIRECT_OBJC_ISA_USAGE = YES_ERROR;
				CLANG_WARN_DOCUMENTATION_COMMENTS = YES;
				CLANG_WARN_EMPTY_BODY = YES;
				CLANG_WARN_ENUM_CONVERSION = YES;
				CLANG_WARN_INFINITE_RECURSION = YES;
				CLANG_WARN_INT_CONVERSION = YES;
				CLANG_WARN_NON_LITERAL_NULL_CONVERSION = YES;
				CLANG_WARN_OBJC_IMPLICIT_RETAIN_SELF = YES;
				CLANG_WARN_OBJC_LITERAL_CONVERSION = YES;
				CLANG_WARN_OBJC_ROOT_CLASS = YES_ERROR;
				CLANG_WARN_QUOTED_INCLUDE_IN_FRAMEWORK_HEADER = YES;
				CLANG_WARN_RANGE_LOOP_ANALYSIS = YES;
				CLANG_WARN_STRICT_PROTOTYPES = YES;
				CLANG_WARN_SUSPICIOUS_MOVE = YES;
				CLANG_WARN_UNGUARDED_AVAILABILITY = YES_AGGRESSIVE;
				CLANG_WARN_UNREACHABLE_CODE = YES;
				CLANG_WARN__DUPLICATE_METHOD_MATCH = YES;
				COPY_PHASE_STRIP = NO;
				DEBUG_INFORMATION_FORMAT = "dwarf-with-dsym";
				ENABLE_NS_ASSERTIONS = NO;
				ENABLE_STRICT_OBJC_MSGSEND = YES;
				ENABLE_USER_SCRIPT_SANDBOXING = YES;
				GCC_C_LANGUAGE_STANDARD = gnu17;
				GCC_NO_COMMON_BLOCKS = YES;
				GCC_WARN_64_TO_32_BIT_CONVERSION = YES;
				GCC_WARN_ABOUT_RETURN_TYPE = YES_ERROR;
				GCC_WARN_UNDECLARED_SELECTOR = YES;
				GCC_WARN_UNINITIALIZED_AUTOS = YES_AGGRESSIVE;
				GCC_WARN_UNUSED_FUNCTION = YES;
				GCC_WARN_UNUSED_VARIABLE = YES;
				LOCALIZATION_PREFERS_STRING_CATALOGS = YES;
				MTL_ENABLE_DEBUG_INFO = NO;
				MTL_FAST_MATH = YES;
				SWIFT_COMPILATION_MODE = wholemodule;
			};
			name = Release;
		};
		59B86FFD2C65644A001D0DC1 /* Debug */ = {
			isa = XCBuildConfiguration;
			buildSettings = {
				ASSETCATALOG_COMPILER_APPICON_NAME = AppIcon;
				ASSETCATALOG_COMPILER_GLOBAL_ACCENT_COLOR_NAME = AccentColor;
				CODE_SIGN_STYLE = Automatic;
				CURRENT_PROJECT_VERSION = 1;
				DEVELOPMENT_TEAM = QKH3GHQ7MS;
				GENERATE_INFOPLIST_FILE = YES;
				INFOPLIST_KEY_UIApplicationSupportsIndirectInputEvents = YES;
				INFOPLIST_KEY_UILaunchStoryboardName = LaunchScreen;
				INFOPLIST_KEY_UIMainStoryboardFile = Main;
				INFOPLIST_KEY_UIStatusBarHidden = YES;
				INFOPLIST_KEY_UISupportedInterfaceOrientations_iPad = "UIInterfaceOrientationPortrait UIInterfaceOrientationPortraitUpsideDown UIInterfaceOrientationLandscapeLeft UIInterfaceOrientationLandscapeRight";
				INFOPLIST_KEY_UISupportedInterfaceOrientations_iPhone = "UIInterfaceOrientationPortrait UIInterfaceOrientationLandscapeLeft UIInterfaceOrientationLandscapeRight";
				IPHONEOS_DEPLOYMENT_TARGET = 17.2;
				LD_RUNPATH_SEARCH_PATHS = (
					"$(inherited)",
					"@executable_path/Frameworks",
				);
				MARKETING_VERSION = 1.0;
				PRODUCT_BUNDLE_IDENTIFIER = "sayrin.anim-editor";
				PRODUCT_NAME = "anim-editor";
				SDKROOT = iphoneos;
				SWIFT_EMIT_LOC_STRINGS = YES;
				SWIFT_VERSION = 5.0;
				TARGETED_DEVICE_FAMILY = "1,2";
			};
			name = Debug;
		};
		59B86FFE2C65644A001D0DC1 /* Release */ = {
			isa = XCBuildConfiguration;
			buildSettings = {
				ASSETCATALOG_COMPILER_APPICON_NAME = AppIcon;
				ASSETCATALOG_COMPILER_GLOBAL_ACCENT_COLOR_NAME = AccentColor;
				CODE_SIGN_STYLE = Automatic;
				CURRENT_PROJECT_VERSION = 1;
				DEVELOPMENT_TEAM = QKH3GHQ7MS;
				GENERATE_INFOPLIST_FILE = YES;
				INFOPLIST_KEY_UIApplicationSupportsIndirectInputEvents = YES;
				INFOPLIST_KEY_UILaunchStoryboardName = LaunchScreen;
				INFOPLIST_KEY_UIMainStoryboardFile = Main;
				INFOPLIST_KEY_UIStatusBarHidden = YES;
				INFOPLIST_KEY_UISupportedInterfaceOrientations_iPad = "UIInterfaceOrientationPortrait UIInterfaceOrientationPortraitUpsideDown UIInterfaceOrientationLandscapeLeft UIInterfaceOrientationLandscapeRight";
				INFOPLIST_KEY_UISupportedInterfaceOrientations_iPhone = "UIInterfaceOrientationPortrait UIInterfaceOrientationLandscapeLeft UIInterfaceOrientationLandscapeRight";
				IPHONEOS_DEPLOYMENT_TARGET = 17.2;
				LD_RUNPATH_SEARCH_PATHS = (
					"$(inherited)",
					"@executable_path/Frameworks",
				);
				MARKETING_VERSION = 1.0;
				PRODUCT_BUNDLE_IDENTIFIER = "sayrin.anim-editor";
				PRODUCT_NAME = "anim-editor";
				SDKROOT = iphoneos;
				SWIFT_EMIT_LOC_STRINGS = YES;
				SWIFT_VERSION = 5.0;
				TARGETED_DEVICE_FAMILY = "1,2";
				VALIDATE_PRODUCT = YES;
			};
			name = Release;
		};
		59B870002C65644A001D0DC1 /* Debug */ = {
			isa = XCBuildConfiguration;
			buildSettings = {
				ASSETCATALOG_COMPILER_APPICON_NAME = AppIcon;
				ASSETCATALOG_COMPILER_GLOBAL_ACCENT_COLOR_NAME = AccentColor;
				CODE_SIGN_ENTITLEMENTS = "anim-editor macOS/anim-editor macOSDebug.entitlements";
				CODE_SIGN_STYLE = Automatic;
				COMBINE_HIDPI_IMAGES = YES;
				CURRENT_PROJECT_VERSION = 1;
				DEVELOPMENT_TEAM = QKH3GHQ7MS;
				ENABLE_APP_SANDBOX = NO;
				ENABLE_HARDENED_RUNTIME = YES;
				GENERATE_INFOPLIST_FILE = YES;
				INFOPLIST_KEY_NSHumanReadableCopyright = "";
				INFOPLIST_KEY_NSMainStoryboardFile = Main;
				INFOPLIST_KEY_NSPrincipalClass = NSApplication;
				LD_RUNPATH_SEARCH_PATHS = (
					"$(inherited)",
					"@executable_path/../Frameworks",
				);
				MACOSX_DEPLOYMENT_TARGET = 14.2;
				MARKETING_VERSION = 1.0;
				PRODUCT_BUNDLE_IDENTIFIER = "sayrin.anim-editor";
				PRODUCT_NAME = "anim-editor";
				SDKROOT = macosx;
				SWIFT_EMIT_LOC_STRINGS = YES;
				SWIFT_VERSION = 5.0;
			};
			name = Debug;
		};
		59B870012C65644A001D0DC1 /* Release */ = {
			isa = XCBuildConfiguration;
			buildSettings = {
				ASSETCATALOG_COMPILER_APPICON_NAME = AppIcon;
				ASSETCATALOG_COMPILER_GLOBAL_ACCENT_COLOR_NAME = AccentColor;
				CODE_SIGN_ENTITLEMENTS = "anim-editor macOS/anim_editor_macOS.entitlements";
				CODE_SIGN_STYLE = Automatic;
				COMBINE_HIDPI_IMAGES = YES;
				CURRENT_PROJECT_VERSION = 1;
				DEVELOPMENT_TEAM = QKH3GHQ7MS;
				ENABLE_APP_SANDBOX = NO;
				ENABLE_HARDENED_RUNTIME = YES;
				GENERATE_INFOPLIST_FILE = YES;
				INFOPLIST_KEY_NSHumanReadableCopyright = "";
				INFOPLIST_KEY_NSMainStoryboardFile = Main;
				INFOPLIST_KEY_NSPrincipalClass = NSApplication;
				LD_RUNPATH_SEARCH_PATHS = (
					"$(inherited)",
					"@executable_path/../Frameworks",
				);
				MACOSX_DEPLOYMENT_TARGET = 14.2;
				MARKETING_VERSION = 1.0;
				PRODUCT_BUNDLE_IDENTIFIER = "sayrin.anim-editor";
				PRODUCT_NAME = "anim-editor";
				SDKROOT = macosx;
				SWIFT_EMIT_LOC_STRINGS = YES;
				SWIFT_VERSION = 5.0;
			};
			name = Release;
		};
/* End XCBuildConfiguration section */

/* Begin XCConfigurationList section */
		59B86FCD2C656448001D0DC1 /* Build configuration list for PBXProject "anim-editor" */ = {
			isa = XCConfigurationList;
			buildConfigurations = (
				59B86FFA2C65644A001D0DC1 /* Debug */,
				59B86FFB2C65644A001D0DC1 /* Release */,
			);
			defaultConfigurationIsVisible = 0;
			defaultConfigurationName = Release;
		};
		59B86FFC2C65644A001D0DC1 /* Build configuration list for PBXNativeTarget "anim-editor iOS" */ = {
			isa = XCConfigurationList;
			buildConfigurations = (
				59B86FFD2C65644A001D0DC1 /* Debug */,
				59B86FFE2C65644A001D0DC1 /* Release */,
			);
			defaultConfigurationIsVisible = 0;
			defaultConfigurationName = Release;
		};
		59B86FFF2C65644A001D0DC1 /* Build configuration list for PBXNativeTarget "anim-editor macOS" */ = {
			isa = XCConfigurationList;
			buildConfigurations = (
				59B870002C65644A001D0DC1 /* Debug */,
				59B870012C65644A001D0DC1 /* Release */,
			);
			defaultConfigurationIsVisible = 0;
			defaultConfigurationName = Release;
		};
/* End XCConfigurationList section */
	};
	rootObject = 59B86FCA2C656448001D0DC1 /* Project object */;
}
